# THIS IS AN AUTOGENERATED FILE. DO NOT EDIT THIS FILE DIRECTLY.
# yarn lockfile v1


"@protobufjs/aspromise@^1.1.1", "@protobufjs/aspromise@^1.1.2":
  version "1.1.2"
  resolved "https://registry.yarnpkg.com/@protobufjs/aspromise/-/aspromise-1.1.2.tgz#9b8b0cc663d669a7d8f6f5d0893a14d348f30fbf"
  integrity sha512-j+gKExEuLmKwvz3OgROXtrJ2UG2x8Ch2YZUxahh+s1F2HZ+wAceUNLkvy6zKCPVRkU++ZWQrdxsUeQXmcg4uoQ==

"@protobufjs/base64@^1.1.2":
  version "1.1.2"
  resolved "https://registry.yarnpkg.com/@protobufjs/base64/-/base64-1.1.2.tgz#4c85730e59b9a1f1f349047dbf24296034bb2735"
  integrity sha512-AZkcAA5vnN/v4PDqKyMR5lx7hZttPDgClv83E//FMNhR2TMcLUhfRUBHCmSl0oi9zMgDDqRUJkSxO3wm85+XLg==

"@protobufjs/codegen@^2.0.4":
  version "2.0.4"
  resolved "https://registry.yarnpkg.com/@protobufjs/codegen/-/codegen-2.0.4.tgz#7ef37f0d010fb028ad1ad59722e506d9262815cb"
  integrity sha512-YyFaikqM5sH0ziFZCN3xDC7zeGaB/d0IUb9CATugHWbd1FRFwWwt4ld4OYMPWu5a3Xe01mGAULCdqhMlPl29Jg==

"@protobufjs/eventemitter@^1.1.0":
  version "1.1.0"
  resolved "https://registry.yarnpkg.com/@protobufjs/eventemitter/-/eventemitter-1.1.0.tgz#355cbc98bafad5978f9ed095f397621f1d066b70"
  integrity sha512-j9ednRT81vYJ9OfVuXG6ERSTdEL1xVsNgqpkxMsbIabzSo3goCjDIveeGv5d03om39ML71RdmrGNjG5SReBP/Q==

"@protobufjs/fetch@^1.1.0":
  version "1.1.0"
  resolved "https://registry.yarnpkg.com/@protobufjs/fetch/-/fetch-1.1.0.tgz#ba99fb598614af65700c1619ff06d454b0d84c45"
  integrity sha512-lljVXpqXebpsijW71PZaCYeIcE5on1w5DlQy5WH6GLbFryLUrBD4932W/E2BSpfRJWseIL4v/KPgBFxDOIdKpQ==
  dependencies:
    "@protobufjs/aspromise" "^1.1.1"
    "@protobufjs/inquire" "^1.1.0"

"@protobufjs/float@^1.0.2":
  version "1.0.2"
  resolved "https://registry.yarnpkg.com/@protobufjs/float/-/float-1.0.2.tgz#5e9e1abdcb73fc0a7cb8b291df78c8cbd97b87d1"
  integrity sha512-Ddb+kVXlXst9d+R9PfTIxh1EdNkgoRe5tOX6t01f1lYWOvJnSPDBlG241QLzcyPdoNTsblLUdujGSE4RzrTZGQ==

"@protobufjs/inquire@^1.1.0":
  version "1.1.0"
  resolved "https://registry.yarnpkg.com/@protobufjs/inquire/-/inquire-1.1.0.tgz#ff200e3e7cf2429e2dcafc1140828e8cc638f089"
  integrity sha512-kdSefcPdruJiFMVSbn801t4vFK7KB/5gd2fYvrxhuJYg8ILrmn9SKSX2tZdV6V+ksulWqS7aXjBcRXl3wHoD9Q==

"@protobufjs/path@^1.1.2":
  version "1.1.2"
  resolved "https://registry.yarnpkg.com/@protobufjs/path/-/path-1.1.2.tgz#6cc2b20c5c9ad6ad0dccfd21ca7673d8d7fbf68d"
  integrity sha512-6JOcJ5Tm08dOHAbdR3GrvP+yUUfkjG5ePsHYczMFLq3ZmMkAD98cDgcT2iA1lJ9NVwFd4tH/iSSoe44YWkltEA==

"@protobufjs/pool@^1.1.0":
  version "1.1.0"
  resolved "https://registry.yarnpkg.com/@protobufjs/pool/-/pool-1.1.0.tgz#09fd15f2d6d3abfa9b65bc366506d6ad7846ff54"
  integrity sha512-0kELaGSIDBKvcgS4zkjz1PeddatrjYcmMWOlAuAPwAeccUrPHdUqo/J6LiymHHEiJT5NrF1UVwxY14f+fy4WQw==

"@protobufjs/utf8@^1.1.0":
  version "1.1.0"
  resolved "https://registry.yarnpkg.com/@protobufjs/utf8/-/utf8-1.1.0.tgz#a777360b5b39a1a2e5106f8e858f2fd2d060c570"
  integrity sha512-Vvn3zZrhQZkkBE8LSuW3em98c0FwgO4nxzv6OdSxPKJIEKY2bGbHn+mhGIPerzI4twdxaP8/0+06HBpwf345Lw==

"@types/long@^4.0.1":
  version "4.0.2"
  resolved "https://registry.yarnpkg.com/@types/long/-/long-4.0.2.tgz#b74129719fc8d11c01868010082d483b7545591a"
  integrity sha512-MqTGEo5bj5t157U6fA/BiDynNkn0YknVdh48CMPkTSpFTVmvao5UQmm7uEF6xBEo7qIMAlY/JSleYaE6VOdpaA==

"@types/node@>=13.7.0":
  version "17.0.38"
  resolved "https://registry.yarnpkg.com/@types/node/-/node-17.0.38.tgz#f8bb07c371ccb1903f3752872c89f44006132947"
  integrity sha512-5jY9RhV7c0Z4Jy09G+NIDTsCZ5G0L5n+Z+p+Y7t5VJHM30bgwzSjVtlcBxqAj+6L/swIlvtOSzr8rBk/aNyV2g==

"@types/node@^14.14.8":
  version "14.14.8"
  resolved "https://registry.npm.taobao.org/@types/node/download/@types/node-14.14.8.tgz#2127bd81949a95c8b7d3240f3254352d72563aec"
  integrity sha1-ISe9gZSalci30yQPMlQ1LXJWOuw=

aliyun-sdk@^1.12.3:
  version "1.12.3"
  resolved "https://registry.npm.taobao.org/aliyun-sdk/download/aliyun-sdk-1.12.3.tgz#251464dd5b2c4e2b36cea00fc8b401b5b6f70ec7"
  integrity sha1-JRRk3VssTis2zqAPyLQBtbb3Dsc=
  dependencies:
    node_memcached "1.1.3"
    pomelo-protobuf "^0.4.0"
    protobufjs ">=5.0.3"
    xml2js "0.4.4"
    xmlbuilder "^13.0.2"

ansi-styles@^3.2.1:
  version "3.2.1"
  resolved "https://registry.npm.taobao.org/ansi-styles/download/ansi-styles-3.2.1.tgz#41fbb20243e50b12be0f04b8dedbf07520ce841d"
  integrity sha1-QfuyAkPlCxK+DwS43tvwdSDOhB0=
  dependencies:
    color-convert "^1.9.0"

anymatch@~3.1.1:
  version "3.1.1"
  resolved "https://registry.npm.taobao.org/anymatch/download/anymatch-3.1.1.tgz#c55ecf02185e2469259399310c173ce31233b142"
  integrity sha1-xV7PAhheJGklk5kxDBc84xIzsUI=
  dependencies:
    normalize-path "^3.0.0"
    picomatch "^2.0.4"

array-back@^3.0.1:
  version "3.1.0"
  resolved "https://registry.npm.taobao.org/array-back/download/array-back-3.1.0.tgz#b8859d7a508871c9a7b2cf42f99428f65e96bfb0"
  integrity sha1-uIWdelCIccmnss9C+ZQo9l6Wv7A=

big.js@^5.2.2:
  version "5.2.2"
  resolved "https://registry.npm.taobao.org/big.js/download/big.js-5.2.2.tgz#65f0af382f578bcdc742bd9c281e9cb2d7768328"
  integrity sha1-ZfCvOC9Xi83HQr2cKB6cstd2gyg=

binary-extensions@^2.0.0:
  version "2.1.0"
  resolved "https://registry.npm.taobao.org/binary-extensions/download/binary-extensions-2.1.0.tgz?cache=0&sync_timestamp=1593262912148&other_urls=https%3A%2F%2Fregistry.npm.taobao.org%2Fbinary-extensions%2Fdownload%2Fbinary-extensions-2.1.0.tgz#30fa40c9e7fe07dbc895678cd287024dea241dd9"
  integrity sha1-MPpAyef+B9vIlWeM0ocCTeokHdk=

braces@^3.0.1, braces@~3.0.2:
  version "3.0.2"
  resolved "https://registry.npm.taobao.org/braces/download/braces-3.0.2.tgz#3454e1a462ee8d599e236df336cd9ea4f8afe107"
  integrity sha1-NFThpGLujVmeI23zNs2epPiv4Qc=
  dependencies:
    fill-range "^7.0.1"

chalk@^2.3.0:
  version "2.4.2"
  resolved "https://registry.npm.taobao.org/chalk/download/chalk-2.4.2.tgz?cache=0&sync_timestamp=1591687034553&other_urls=https%3A%2F%2Fregistry.npm.taobao.org%2Fchalk%2Fdownload%2Fchalk-2.4.2.tgz#cd42541677a54333cf541a49108c1432b44c9424"
  integrity sha1-zUJUFnelQzPPVBpJEIwUMrRMlCQ=
  dependencies:
    ansi-styles "^3.2.1"
    escape-string-regexp "^1.0.5"
    supports-color "^5.3.0"

chokidar@^3.4.3:
  version "3.4.3"
  resolved "https://registry.npm.taobao.org/chokidar/download/chokidar-3.4.3.tgz#c1df38231448e45ca4ac588e6c79573ba6a57d5b"
  integrity sha1-wd84IxRI5FykrFiObHlXO6alfVs=
  dependencies:
    anymatch "~3.1.1"
    braces "~3.0.2"
    glob-parent "~5.1.0"
    is-binary-path "~2.1.0"
    is-glob "~4.0.1"
    normalize-path "~3.0.0"
    readdirp "~3.5.0"
  optionalDependencies:
    fsevents "~2.1.2"

color-convert@^1.9.0:
  version "1.9.3"
  resolved "https://registry.npm.taobao.org/color-convert/download/color-convert-1.9.3.tgz#bb71850690e1f136567de629d2d5471deda4c1e8"
  integrity sha1-u3GFBpDh8TZWfeYp0tVHHe2kweg=
  dependencies:
    color-name "1.1.3"

color-name@1.1.3:
  version "1.1.3"
  resolved "https://registry.npm.taobao.org/color-name/download/color-name-1.1.3.tgz#a7d0558bd89c42f795dd42328f740831ca53bc25"
  integrity sha1-p9BVi9icQveV3UIyj3QIMcpTvCU=

command-line-args@^5.1.1:
  version "5.1.1"
  resolved "https://registry.npm.taobao.org/command-line-args/download/command-line-args-5.1.1.tgz#88e793e5bb3ceb30754a86863f0401ac92fd369a"
  integrity sha1-iOeT5bs86zB1SoaGPwQBrJL9Npo=
  dependencies:
    array-back "^3.0.1"
    find-replace "^3.0.0"
    lodash.camelcase "^4.3.0"
    typical "^4.0.0"

core-util-is@~1.0.0:
  version "1.0.2"
  resolved "https://registry.npm.taobao.org/core-util-is/download/core-util-is-1.0.2.tgz#b5fd54220aa2bc5ab57aab7140c940754503c1a7"
  integrity sha1-tf1UIgqivFq1eqtxQMlAdUUDwac=

debug@^2.1.0:
  version "2.6.9"
  resolved "https://registry.npm.taobao.org/debug/download/debug-2.6.9.tgz?cache=0&sync_timestamp=1605791507452&other_urls=https%3A%2F%2Fregistry.npm.taobao.org%2Fdebug%2Fdownload%2Fdebug-2.6.9.tgz#5d128515df134ff327e90a4c93f4e077a536341f"
  integrity sha1-XRKFFd8TT/Mn6QpMk/Tgd6U2NB8=
  dependencies:
    ms "2.0.0"

emojis-list@^3.0.0:
  version "3.0.0"
  resolved "https://registry.npm.taobao.org/emojis-list/download/emojis-list-3.0.0.tgz#5570662046ad29e2e916e71aae260abdff4f6a78"
  integrity sha1-VXBmIEatKeLpFucariYKvf9Pang=

enhanced-resolve@^4.0.0:
  version "4.3.0"
  resolved "https://registry.npm.taobao.org/enhanced-resolve/download/enhanced-resolve-4.3.0.tgz?cache=0&sync_timestamp=1603459108500&other_urls=https%3A%2F%2Fregistry.npm.taobao.org%2Fenhanced-resolve%2Fdownload%2Fenhanced-resolve-4.3.0.tgz#3b806f3bfafc1ec7de69551ef93cca46c1704126"
  integrity sha1-O4BvO/r8HsfeaVUe+TzKRsFwQSY=
  dependencies:
    graceful-fs "^4.1.2"
    memory-fs "^0.5.0"
    tapable "^1.0.0"

errno@^0.1.3:
  version "0.1.7"
  resolved "https://registry.npm.taobao.org/errno/download/errno-0.1.7.tgz#4684d71779ad39af177e3f007996f7c67c852618"
  integrity sha1-RoTXF3mtOa8Xfj8AeZb3xnyFJhg=
  dependencies:
    prr "~1.0.1"

escape-string-regexp@^1.0.5:
  version "1.0.5"
  resolved "https://registry.npm.taobao.org/escape-string-regexp/download/escape-string-regexp-1.0.5.tgz#1b61c0562190a8dff6ae3bb2cf0200ca130b86d4"
  integrity sha1-G2HAViGQqN/2rjuyzwIAyhMLhtQ=

fill-range@^7.0.1:
  version "7.0.1"
  resolved "https://registry.npm.taobao.org/fill-range/download/fill-range-7.0.1.tgz#1919a6a7c75fe38b2c7c77e5198535da9acdda40"
  integrity sha1-GRmmp8df44ssfHflGYU12prN2kA=
  dependencies:
    to-regex-range "^5.0.1"

find-replace@^3.0.0:
  version "3.0.0"
  resolved "https://registry.npm.taobao.org/find-replace/download/find-replace-3.0.0.tgz#3e7e23d3b05167a76f770c9fbd5258b0def68c38"
  integrity sha1-Pn4j07BRZ6dvdwyfvVJYsN72jDg=
  dependencies:
    array-back "^3.0.1"

fsevents@~2.1.2:
  version "2.1.3"
  resolved "https://registry.npm.taobao.org/fsevents/download/fsevents-2.1.3.tgz?cache=0&sync_timestamp=1604593524180&other_urls=https%3A%2F%2Fregistry.npm.taobao.org%2Ffsevents%2Fdownload%2Ffsevents-2.1.3.tgz#fb738703ae8d2f9fe900c33836ddebee8b97f23e"
  integrity sha1-+3OHA66NL5/pAMM4Nt3r7ouX8j4=

glob-parent@~5.1.0:
  version "5.1.2"
  resolved "https://registry.yarnpkg.com/glob-parent/-/glob-parent-5.1.2.tgz#869832c58034fe68a4093c17dc15e8340d8401c4"
  integrity sha512-AOIgSQCepiJYwP3ARnGx+5VnTu2HBYdzbGP45eLw1vr3zB3vZLeyed1sC9hnbcOc9/SrMyM5RPQrkGz4aS9Zow==
  dependencies:
    is-glob "^4.0.1"

graceful-fs@^4.1.2:
  version "4.2.4"
  resolved "https://registry.npm.taobao.org/graceful-fs/download/graceful-fs-4.2.4.tgz#2256bde14d3632958c465ebc96dc467ca07a29fb"
  integrity sha1-Ila94U02MpWMRl68ltxGfKB6Kfs=

has-flag@^3.0.0:
  version "3.0.0"
  resolved "https://registry.npm.taobao.org/has-flag/download/has-flag-3.0.0.tgz#b5d454dc2199ae225699f3467e5a07f3b955bafd"
  integrity sha1-tdRU3CGZriJWmfNGfloH87lVuv0=

inherits@~2.0.3:
  version "2.0.4"
  resolved "https://registry.npm.taobao.org/inherits/download/inherits-2.0.4.tgz#0fa2c64f932917c3433a0ded55363aae37416b7c"
  integrity sha1-D6LGT5MpF8NDOg3tVTY6rjdBa3w=

is-binary-path@~2.1.0:
  version "2.1.0"
  resolved "https://registry.npm.taobao.org/is-binary-path/download/is-binary-path-2.1.0.tgz#ea1f7f3b80f064236e83470f86c09c254fb45b09"
  integrity sha1-6h9/O4DwZCNug0cPhsCcJU+0Wwk=
  dependencies:
    binary-extensions "^2.0.0"

is-extglob@^2.1.1:
  version "2.1.1"
  resolved "https://registry.yarnpkg.com/is-extglob/-/is-extglob-2.1.1.tgz#a88c02535791f02ed37c76a1b9ea9773c833f8c2"
  integrity sha1-qIwCU1eR8C7TfHahueqXc8gz+MI=

is-glob@^4.0.1, is-glob@~4.0.1:
  version "4.0.1"
  resolved "https://registry.npm.taobao.org/is-glob/download/is-glob-4.0.1.tgz#7567dbe9f2f5e2467bc77ab83c4a29482407a5dc"
  integrity sha1-dWfb6fL14kZ7x3q4PEopSCQHpdw=
  dependencies:
    is-extglob "^2.1.1"

is-number@^7.0.0:
  version "7.0.0"
  resolved "https://registry.npm.taobao.org/is-number/download/is-number-7.0.0.tgz#7535345b896734d5f80c4d06c50955527a14f12b"
  integrity sha1-dTU0W4lnNNX4DE0GxQlVUnoU8Ss=

isarray@~1.0.0:
  version "1.0.0"
  resolved "https://registry.npm.taobao.org/isarray/download/isarray-1.0.0.tgz#bb935d48582cba168c06834957a54a3e07124f11"
  integrity sha1-u5NdSFgsuhaMBoNJV6VKPgcSTxE=

json5@^1.0.1:
  version "1.0.1"
  resolved "https://registry.npm.taobao.org/json5/download/json5-1.0.1.tgz?cache=0&sync_timestamp=1586045666090&other_urls=https%3A%2F%2Fregistry.npm.taobao.org%2Fjson5%2Fdownload%2Fjson5-1.0.1.tgz#779fb0018604fa854eacbf6252180d83543e3dbe"
  integrity sha1-d5+wAYYE+oVOrL9iUhgNg1Q+Pb4=
  dependencies:
    minimist "^1.2.0"

loader-utils@^1.0.2:
  version "1.4.0"
  resolved "https://registry.npm.taobao.org/loader-utils/download/loader-utils-1.4.0.tgz#c579b5e34cb34b1a74edc6c1fb36bfa371d5a613"
  integrity sha1-xXm140yzSxp07cbB+za/o3HVphM=
  dependencies:
    big.js "^5.2.2"
    emojis-list "^3.0.0"
    json5 "^1.0.1"

lodash.camelcase@^4.3.0:
  version "4.3.0"
  resolved "https://registry.npm.taobao.org/lodash.camelcase/download/lodash.camelcase-4.3.0.tgz#b28aa6288a2b9fc651035c7711f65ab6190331a6"
  integrity sha1-soqmKIorn8ZRA1x3EfZathkDMaY=

long@^4.0.0:
  version "4.0.0"
  resolved "https://registry.yarnpkg.com/long/-/long-4.0.0.tgz#9a7b71cfb7d361a194ea555241c92f7468d5bf28"
  integrity sha512-XsP+KhQif4bjX1kbuSiySJFNAehNxgLb6hPRGJ9QsUr8ajHkuXGdrHmFUTUUXhDwVX2R5bY4JNZEwbUiMhV+MA==

memory-fs@^0.5.0:
  version "0.5.0"
  resolved "https://registry.npm.taobao.org/memory-fs/download/memory-fs-0.5.0.tgz#324c01288b88652966d161db77838720845a8e3c"
  integrity sha1-MkwBKIuIZSlm0WHbd4OHIIRajjw=
  dependencies:
    errno "^0.1.3"
    readable-stream "^2.0.1"

micromatch@^4.0.0:
  version "4.0.2"
  resolved "https://registry.npm.taobao.org/micromatch/download/micromatch-4.0.2.tgz#4fcb0999bf9fbc2fcbdd212f6d629b9a56c39259"
  integrity sha1-T8sJmb+fvC/L3SEvbWKbmlbDklk=
  dependencies:
    braces "^3.0.1"
    picomatch "^2.0.5"

mime@^2.4.6:
  version "2.4.6"
  resolved "https://registry.npm.taobao.org/mime/download/mime-2.4.6.tgz#e5b407c90db442f2beb5b162373d07b69affa4d1"
  integrity sha1-5bQHyQ20QvK+tbFiNz0Htpr/pNE=

minimist@^1.2.0:
  version "1.2.6"
  resolved "https://registry.yarnpkg.com/minimist/-/minimist-1.2.6.tgz#8637a5b759ea0d6e98702cfb3a9283323c93af44"
  integrity sha512-Jsjnk4bw3YJqYzbdyBiNsPWHPfO++UGG749Cxs6peCu5Xg4nrena6OVxOYxrQTqww0Jmwt+Ref8rggumkTLz9Q==

ms@2.0.0:
  version "2.0.0"
  resolved "https://registry.npm.taobao.org/ms/download/ms-2.0.0.tgz#5608aeadfc00be6c2901df5f9861788de0d597c8"
  integrity sha1-VgiurfwAvmwpAd9fmGF4jeDVl8g=

node_memcached@1.1.3:
  version "1.1.3"
  resolved "https://registry.npm.taobao.org/node_memcached/download/node_memcached-1.1.3.tgz#89c152af88ad28817f00d891c990451d5d712ea8"
  integrity sha1-icFSr4itKIF/ANiRyZBFHV1xLqg=
  dependencies:
    debug "^2.1.0"

normalize-path@^3.0.0, normalize-path@~3.0.0:
  version "3.0.0"
  resolved "https://registry.npm.taobao.org/normalize-path/download/normalize-path-3.0.0.tgz#0dcd69ff23a1c9b11fd0978316644a0388216a65"
  integrity sha1-Dc1p/yOhybEf0JeDFmRKA4ghamU=

picomatch@^2.0.4, picomatch@^2.0.5, picomatch@^2.2.1:
  version "2.2.2"
  resolved "https://registry.npm.taobao.org/picomatch/download/picomatch-2.2.2.tgz#21f333e9b6b8eaff02468f5146ea406d345f4dad"
  integrity sha1-IfMz6ba46v8CRo9RRupAbTRfTa0=

pomelo-protobuf@^0.4.0:
  version "0.4.0"
  resolved "https://registry.npm.taobao.org/pomelo-protobuf/download/pomelo-protobuf-0.4.0.tgz#e45e9a0a446eb18667e0c6e13eeb53d47addbda8"
  integrity sha1-5F6aCkRusYZn4MbhPutT1Hrdvag=

process-nextick-args@~2.0.0:
  version "2.0.1"
  resolved "https://registry.npm.taobao.org/process-nextick-args/download/process-nextick-args-2.0.1.tgz#7820d9b16120cc55ca9ae7792680ae7dba6d7fe2"
  integrity sha1-eCDZsWEgzFXKmud5JoCufbptf+I=

protobufjs@>=5.0.3:
  version "6.11.3"
  resolved "https://registry.yarnpkg.com/protobufjs/-/protobufjs-6.11.3.tgz#637a527205a35caa4f3e2a9a4a13ddffe0e7af74"
  integrity sha512-xL96WDdCZYdU7Slin569tFX712BxsxslWwAfAhCYjQKGTq7dAU91Lomy6nLLhh/dyGhk/YH4TwTSRxTzhuHyZg==
  dependencies:
    "@protobufjs/aspromise" "^1.1.2"
    "@protobufjs/base64" "^1.1.2"
    "@protobufjs/codegen" "^2.0.4"
    "@protobufjs/eventemitter" "^1.1.0"
    "@protobufjs/fetch" "^1.1.0"
    "@protobufjs/float" "^1.0.2"
    "@protobufjs/inquire" "^1.1.0"
    "@protobufjs/path" "^1.1.2"
    "@protobufjs/pool" "^1.1.0"
    "@protobufjs/utf8" "^1.1.0"
    "@types/long" "^4.0.1"
    "@types/node" ">=13.7.0"
    long "^4.0.0"

prr@~1.0.1:
  version "1.0.1"
  resolved "https://registry.npm.taobao.org/prr/download/prr-1.0.1.tgz#d3fc114ba06995a45ec6893f484ceb1d78f5f476"
  integrity sha1-0/wRS6BplaRexok/SEzrHXj19HY=

readable-stream@^2.0.1:
  version "2.3.7"
  resolved "https://registry.npm.taobao.org/readable-stream/download/readable-stream-2.3.7.tgz#1eca1cf711aef814c04f62252a36a62f6cb23b57"
  integrity sha1-Hsoc9xGu+BTAT2IlKjamL2yyO1c=
  dependencies:
    core-util-is "~1.0.0"
    inherits "~2.0.3"
    isarray "~1.0.0"
    process-nextick-args "~2.0.0"
    safe-buffer "~5.1.1"
    string_decoder "~1.1.1"
    util-deprecate "~1.0.1"

readdirp@~3.5.0:
  version "3.5.0"
  resolved "https://registry.npm.taobao.org/readdirp/download/readdirp-3.5.0.tgz?cache=0&sync_timestamp=1602588019864&other_urls=https%3A%2F%2Fregistry.npm.taobao.org%2Freaddirp%2Fdownload%2Freaddirp-3.5.0.tgz#9ba74c019b15d365278d2e91bb8c48d7b4d42c9e"
  integrity sha1-m6dMAZsV02UnjS6Ru4xI17TULJ4=
  dependencies:
    picomatch "^2.2.1"

safe-buffer@~5.1.0, safe-buffer@~5.1.1:
  version "5.1.2"
  resolved "https://registry.npm.taobao.org/safe-buffer/download/safe-buffer-5.1.2.tgz#991ec69d296e0313747d59bdfd2b745c35f8828d"
  integrity sha1-mR7GnSluAxN0fVm9/St0XDX4go0=

sax@0.6.x:
  version "0.6.1"
  resolved "https://registry.npm.taobao.org/sax/download/sax-0.6.1.tgz#563b19c7c1de892e09bfc4f2fc30e3c27f0952b9"
  integrity sha1-VjsZx8HeiS4Jv8Ty/DDjwn8JUrk=

semver@^6.0.0:
  version "6.3.0"
  resolved "https://registry.npm.taobao.org/semver/download/semver-6.3.0.tgz?cache=0&sync_timestamp=1586886225130&other_urls=https%3A%2F%2Fregistry.npm.taobao.org%2Fsemver%2Fdownload%2Fsemver-6.3.0.tgz#ee0a64c8af5e8ceea67687b133761e1becbd1d3d"
  integrity sha1-7gpkyK9ejO6mdoexM3YeG+y9HT0=

string_decoder@~1.1.1:
  version "1.1.1"
  resolved "https://registry.npm.taobao.org/string_decoder/download/string_decoder-1.1.1.tgz#9cf1611ba62685d7030ae9e4ba34149c3af03fc8"
  integrity sha1-nPFhG6YmhdcDCunkujQUnDrwP8g=
  dependencies:
    safe-buffer "~5.1.0"

supports-color@^5.3.0:
  version "5.5.0"
  resolved "https://registry.npm.taobao.org/supports-color/download/supports-color-5.5.0.tgz?cache=0&sync_timestamp=1598615725251&other_urls=https%3A%2F%2Fregistry.npm.taobao.org%2Fsupports-color%2Fdownload%2Fsupports-color-5.5.0.tgz#e2e69a44ac8772f78a1ec0b35b689df6530efc8f"
  integrity sha1-4uaaRKyHcveKHsCzW2id9lMO/I8=
  dependencies:
    has-flag "^3.0.0"

tapable@^1.0.0:
  version "1.1.3"
  resolved "https://registry.npm.taobao.org/tapable/download/tapable-1.1.3.tgz#a1fccc06b58db61fd7a45da2da44f5f3a3e67ba2"
  integrity sha1-ofzMBrWNth/XpF2i2kT186Pme6I=

to-regex-range@^5.0.1:
  version "5.0.1"
  resolved "https://registry.npm.taobao.org/to-regex-range/download/to-regex-range-5.0.1.tgz#1648c44aae7c8d988a326018ed72f5b4dd0392e4"
  integrity sha1-FkjESq58jZiKMmAY7XL1tN0DkuQ=
  dependencies:
    is-number "^7.0.0"

ts-loader@^8.0.11:
  version "8.0.11"
  resolved "https://registry.npm.taobao.org/ts-loader/download/ts-loader-8.0.11.tgz?cache=0&sync_timestamp=1604927065981&other_urls=https%3A%2F%2Fregistry.npm.taobao.org%2Fts-loader%2Fdownload%2Fts-loader-8.0.11.tgz#35d58a65932caacb120426eea59eca841786c899"
  integrity sha1-NdWKZZMsqssSBCbupZ7KhBeGyJk=
  dependencies:
    chalk "^2.3.0"
    enhanced-resolve "^4.0.0"
    loader-utils "^1.0.2"
    micromatch "^4.0.0"
    semver "^6.0.0"

typescript@^4.0.5:
  version "4.0.5"
  resolved "https://registry.npm.taobao.org/typescript/download/typescript-4.0.5.tgz?cache=0&other_urls=https%3A%2F%2Fregistry.npm.taobao.org%2Ftypescript%2Fdownload%2Ftypescript-4.0.5.tgz#ae9dddfd1069f1cb5beb3ef3b2170dd7c1332389"
  integrity sha1-rp3d/RBp8ctb6z7zshcN18EzI4k=

typical@^4.0.0:
  version "4.0.0"
  resolved "https://registry.npm.taobao.org/typical/download/typical-4.0.0.tgz#cbeaff3b9d7ae1e2bbfaf5a4e6f11eccfde94fc4"
  integrity sha1-y+r/O5164eK7+vWk5vEezP3pT8Q=

util-deprecate@~1.0.1:
  version "1.0.2"
  resolved "https://registry.npm.taobao.org/util-deprecate/download/util-deprecate-1.0.2.tgz#450d4dc9fa70de732762fbd2d4a28981419a0ccf"
  integrity sha1-RQ1Nyfpw3nMnYvvS1KKJgUGaDM8=

xml2js@0.4.4:
  version "0.4.4"
  resolved "https://registry.npm.taobao.org/xml2js/download/xml2js-0.4.4.tgz#3111010003008ae19240eba17497b57c729c555d"
  integrity sha1-MREBAAMAiuGSQOuhdJe1fHKcVV0=
  dependencies:
    sax "0.6.x"
    xmlbuilder ">=1.0.0"

xmlbuilder@>=1.0.0:
  version "15.1.1"
  resolved "https://registry.npm.taobao.org/xmlbuilder/download/xmlbuilder-15.1.1.tgz#9dcdce49eea66d8d10b42cae94a79c3c8d0c2ec5"
  integrity sha1-nc3OSe6mbY0QtCyulKecPI0MLsU=

xmlbuilder@^13.0.2:
  version "13.0.2"
  resolved "https://registry.npm.taobao.org/xmlbuilder/download/xmlbuilder-13.0.2.tgz#02ae33614b6a047d1c32b5389c1fdacb2bce47a7"
  integrity sha1-Aq4zYUtqBH0cMrU4nB/ayyvOR6c=
